Microsoft Visual Studio Solution File, Format Version 12.00
# Visual Studio Version 18
VisualStudioVersion = 18.0.11222.15
MinimumVisualStudioVersion = 10.0.40219.1
Project("{2150E333-8FDC-42A3-9474-1A3956D46DE8}") = ".github", ".github", "{02EA681E-C7D8-13C7-8484-4AC65E1B71E8}"
EndProject
Project("{2150E333-8FDC-42A3-9474-1A3956D46DE8}") = "workflows", "workflows", "{3929FBF6-EDA1-4CA7-8541-C460D0DCE449}"
	ProjectSection(SolutionItems) = preProject
		.github\workflows\build-release.yml = .github\workflows\build-release.yml
	EndProjectSection
EndProject
Project("{2150E333-8FDC-42A3-9474-1A3956D46DE8}") = ".build", ".build", "{F9B9A5B1-8090-40C2-B46F-F4083B72C8BC}"
	ProjectSection(SolutionItems) = preProject
		Directory.Build.props = Directory.Build.props
		Directory.Packages.props = Directory.Packages.props
		Hexalith.Modules.ApiServer.props = Hexalith.Modules.ApiServer.props
		Hexalith.Modules.WebApp.props = Hexalith.Modules.WebApp.props
		Hexalith.Modules.WebServer.props = Hexalith.Modules.WebServer.props
		package.json = package.json
	EndProjectSection
EndProject
Project("{FAE04EC0-301F-11D3-BF4B-00C04F79EFBC}") = "Hexalith.MyNewModule.Tests", "test\Hexalith.MyNewModule.Tests\Hexalith.MyNewModule.Tests.csproj", "{A0520529-37CD-4558-8D3C-119DB006D10D}"
EndProject
Project("{2150E333-8FDC-42A3-9474-1A3956D46DE8}") = "src", "src", "{2E1479EA-06ED-4A69-8F50-F17804066FA6}"
	ProjectSection(SolutionItems) = preProject
		src\Directory.Build.props = src\Directory.Build.props
		src\HexalithMyNewModuleApiServerApplication.cs = src\HexalithMyNewModuleApiServerApplication.cs
		src\HexalithMyNewModuleWebAppApplication.cs = src\HexalithMyNewModuleWebAppApplication.cs
		src\HexalithMyNewModuleWebServerApplication.cs = src\HexalithMyNewModuleWebServerApplication.cs
		src\README.md = src\README.md
	EndProjectSection
EndProject
Project("{2150E333-8FDC-42A3-9474-1A3956D46DE8}") = "test", "test", "{EDB74E69-759C-4EC4-911B-DF6D777A6CFA}"
	ProjectSection(SolutionItems) = preProject
		test\README.md = test\README.md
	EndProjectSection
EndProject
Project("{2150E333-8FDC-42A3-9474-1A3956D46DE8}") = ".project", ".project", "{597A1021-74C4-481C-993A-0AC1600514FB}"
	ProjectSection(SolutionItems) = preProject
		.gitignore = .gitignore
		.gitmodules = .gitmodules
		DOCUMENTATION.ai.md = DOCUMENTATION.ai.md
		initialize.ps1 = initialize.ps1
		LICENSE = LICENSE
		README.md = README.md
	EndProjectSection
EndProject
Project("{2150E333-8FDC-42A3-9474-1A3956D46DE8}") = "Hexalith.Build", "Hexalith.Build", "{DA4446BE-296C-40E4-B0FF-05F9AF0F2502}"
	ProjectSection(SolutionItems) = preProject
		Hexalith.Builds\.clinerules = Hexalith.Builds\.clinerules
		Hexalith.Builds\.cursorrules = Hexalith.Builds\.cursorrules
		Hexalith.Builds\.git = Hexalith.Builds\.git
		Hexalith.Builds\.gitignore = Hexalith.Builds\.gitignore
		Hexalith.Builds\ai-assistant-instructions.md = Hexalith.Builds\ai-assistant-instructions.md
		Hexalith.Builds\ai-commit-prompt.md = Hexalith.Builds\ai-commit-prompt.md
		Hexalith.Builds\Hexalith.Build.props = Hexalith.Builds\Hexalith.Build.props
		Hexalith.Builds\Hexalith.globalconfig = Hexalith.Builds\Hexalith.globalconfig
		Hexalith.Builds\Hexalith.Package.props = Hexalith.Builds\Hexalith.Package.props
		Hexalith.Builds\LICENSE = Hexalith.Builds\LICENSE
		Hexalith.Builds\package.json = Hexalith.Builds\package.json
		Hexalith.Builds\README.md = Hexalith.Builds\README.md
		Hexalith.Builds\stylecop.json = Hexalith.Builds\stylecop.json
	EndProjectSection
EndProject
Project("{2150E333-8FDC-42A3-9474-1A3956D46DE8}") = "Props", "Props", "{361A8C05-7F6F-4BA3-8321-59A94294831A}"
	ProjectSection(SolutionItems) = preProject
		Hexalith.Builds\Props\Directory.Packages.props = Hexalith.Builds\Props\Directory.Packages.props
		Hexalith.Builds\Props\Environment.Build.props = Hexalith.Builds\Props\Environment.Build.props
	EndProjectSection
EndProject
Project("{2150E333-8FDC-42A3-9474-1A3956D46DE8}") = "AI", "AI", "{A52F7525-CCC2-40B5-8250-FC69502D355C}"
	ProjectSection(SolutionItems) = preProject
		Hexalith.Builds\AI\project-documentation.md = Hexalith.Builds\AI\project-documentation.md
	EndProjectSection
EndProject
Project("{2150E333-8FDC-42A3-9474-1A3956D46DE8}") = "workflows", "workflows", "{995F348D-8EAF-42B4-8838-A193F6026A9F}"
	ProjectSection(SolutionItems) = preProject
		Hexalith.Builds\.github\workflows\build-release.yml = Hexalith.Builds\.github\workflows\build-release.yml
		Hexalith.Builds\.github\workflows\copy-ai-assistant-instructions.yml = Hexalith.Builds\.github\workflows\copy-ai-assistant-instructions.yml
	EndProjectSection
EndProject
Project("{2150E333-8FDC-42A3-9474-1A3956D46DE8}") = "Github", "Github", "{538F6CF8-F1A1-4584-BE2E-AF2418F61641}"
EndProject
Project("{2150E333-8FDC-42A3-9474-1A3956D46DE8}") = "build-packages", "build-packages", "{217346B8-9657-42EB-8E1B-6A6380F0541D}"
	ProjectSection(SolutionItems) = preProject
		Hexalith.Builds\Github\build-packages\action.yml = Hexalith.Builds\Github\build-packages\action.yml
		Hexalith.Builds\Github\build-packages\README.md = Hexalith.Builds\Github\build-packages\README.md
	EndProjectSection
EndProject
Project("{2150E333-8FDC-42A3-9474-1A3956D46DE8}") = "create-release", "create-release", "{9DE3BC3E-7069-496D-9311-81FD60310CB8}"
	ProjectSection(SolutionItems) = preProject
		Hexalith.Builds\Github\create-release\action.yml = Hexalith.Builds\Github\create-release\action.yml
		Hexalith.Builds\Github\create-release\README.md = Hexalith.Builds\Github\create-release\README.md
	EndProjectSection
EndProject
Project("{2150E333-8FDC-42A3-9474-1A3956D46DE8}") = "initialize-build", "initialize-build", "{690C7D73-6ACA-4B2E-B409-EFC3683D965F}"
	ProjectSection(SolutionItems) = preProject
		Hexalith.Builds\Github\initialize-build\action.yml = Hexalith.Builds\Github\initialize-build\action.yml
		Hexalith.Builds\Github\initialize-build\README.md = Hexalith.Builds\Github\initialize-build\README.md
	EndProjectSection
EndProject
Project("{2150E333-8FDC-42A3-9474-1A3956D46DE8}") = "initialize-dotnet", "initialize-dotnet", "{CD53A571-C3BF-4868-AC98-FC8A650DEFA1}"
	ProjectSection(SolutionItems) = preProject
		Hexalith.Builds\Github\initialize-dotnet\action.yml = Hexalith.Builds\Github\initialize-dotnet\action.yml
		Hexalith.Builds\Github\initialize-dotnet\README.md = Hexalith.Builds\Github\initialize-dotnet\README.md
	EndProjectSection
EndProject
Project("{2150E333-8FDC-42A3-9474-1A3956D46DE8}") = "package-release", "package-release", "{B6CEE183-3E94-4891-BF6A-E5B8DD9DE0F0}"
	ProjectSection(SolutionItems) = preProject
		Hexalith.Builds\Github\package-release\action.yml = Hexalith.Builds\Github\package-release\action.yml
		Hexalith.Builds\Github\package-release\README.md = Hexalith.Builds\Github\package-release\README.md
	EndProjectSection
EndProject
Project("{2150E333-8FDC-42A3-9474-1A3956D46DE8}") = "publish-packages", "publish-packages", "{FE8D846B-B44B-4AE2-B1B9-4D63E4FCA806}"
	ProjectSection(SolutionItems) = preProject
		Hexalith.Builds\Github\publish-packages\action.yml = Hexalith.Builds\Github\publish-packages\action.yml
		Hexalith.Builds\Github\publish-packages\README.md = Hexalith.Builds\Github\publish-packages\README.md
	EndProjectSection
EndProject
Project("{2150E333-8FDC-42A3-9474-1A3956D46DE8}") = "unit-tests", "unit-tests", "{E8914570-4D90-4230-A8D0-06AD72AEA8DB}"
	ProjectSection(SolutionItems) = preProject
		Hexalith.Builds\Github\unit-tests\action.yml = Hexalith.Builds\Github\unit-tests\action.yml
		Hexalith.Builds\Github\unit-tests\README.md = Hexalith.Builds\Github\unit-tests\README.md
	EndProjectSection
EndProject
Project("{2150E333-8FDC-42A3-9474-1A3956D46DE8}") = "version", "version", "{6B54B06C-EFB1-4EF2-A5C7-BB62E19E7643}"
	ProjectSection(SolutionItems) = preProject
		Hexalith.Builds\Github\version\action.yml = Hexalith.Builds\Github\version\action.yml
		Hexalith.Builds\Github\version\README.md = Hexalith.Builds\Github\version\README.md
	EndProjectSection
EndProject
Project("{2150E333-8FDC-42A3-9474-1A3956D46DE8}") = "Tools", "Tools", "{401F4B14-7261-488A-A953-EDAE92B7C97C}"
	ProjectSection(SolutionItems) = preProject
		Hexalith.Builds\Tools\builds-submodule-init.ps1 = Hexalith.Builds\Tools\builds-submodule-init.ps1
		Hexalith.Builds\Tools\README.md = Hexalith.Builds\Tools\README.md
	EndProjectSection
EndProject
Project("{FAE04EC0-301F-11D3-BF4B-00C04F79EFBC}") = "AspireHost", "AspireHost\AspireHost.csproj", "{75479A66-C8B1-45D7-8B4E-851BB4C161EB}"
EndProject
Project("{2150E333-8FDC-42A3-9474-1A3956D46DE8}") = "packages", "packages", "{C67B5007-8999-4638-8317-C6DA2F62D65C}"
EndProject
Project("{2150E333-8FDC-42A3-9474-1A3956D46DE8}") = "HexalithApp", "HexalithApp", "{568500EF-C4B9-4F72-B9F3-01EB044A4659}"
	ProjectSection(SolutionItems) = preProject
		HexalithApp\.editorconfig = HexalithApp\.editorconfig
		HexalithApp\.git = HexalithApp\.git
		HexalithApp\.gitignore = HexalithApp\.gitignore
		HexalithApp\.stylecop.json = HexalithApp\.stylecop.json
		HexalithApp\.stylecop.ruleset = HexalithApp\.stylecop.ruleset
		HexalithApp\Directory.Build.props = HexalithApp\Directory.Build.props
		HexalithApp\Directory.Packages.props = HexalithApp\Directory.Packages.props
		HexalithApp\Hexalith.Modules.ApiServer.props = HexalithApp\Hexalith.Modules.ApiServer.props
		HexalithApp\Hexalith.Modules.WebApp.props = HexalithApp\Hexalith.Modules.WebApp.props
		HexalithApp\Hexalith.Modules.WebServer.props = HexalithApp\Hexalith.Modules.WebServer.props
		HexalithApp\LICENSE = HexalithApp\LICENSE
		HexalithApp\README.md = HexalithApp\README.md
	EndProjectSection
EndProject
Project("{FAE04EC0-301F-11D3-BF4B-00C04F79EFBC}") = "HexalithApp.WebApp", "HexalithApp\src\HexalithApp.WebApp\HexalithApp.WebApp.csproj", "{4FAB2582-C58C-A300-2F5F-9950311096D9}"
EndProject
Project("{FAE04EC0-301F-11D3-BF4B-00C04F79EFBC}") = "HexalithApp.ApiServer", "HexalithApp\src\HexalithApp.ApiServer\HexalithApp.ApiServer.csproj", "{B9580AA6-2BBB-CA07-DB02-D5B84F5C1A32}"
EndProject
Project("{FAE04EC0-301F-11D3-BF4B-00C04F79EFBC}") = "HexalithApp.WebServer", "HexalithApp\src\HexalithApp.WebServer\HexalithApp.WebServer.csproj", "{E44592C0-3319-84E1-9550-71726D321CED}"
EndProject
Project("{2150E333-8FDC-42A3-9474-1A3956D46DE8}") = "src", "src", "{9D38EDD7-5A82-4B4E-A976-8386E412F7F6}"
	ProjectSection(SolutionItems) = preProject
		HexalithApp\src\Directory.Build.props = HexalithApp\src\Directory.Build.props
	EndProjectSection
EndProject
Project("{2150E333-8FDC-42A3-9474-1A3956D46DE8}") = ".tools", ".tools", "{AFA09F65-6EFE-4D6C-B6D7-BD452170FC3C}"
	ProjectSection(SolutionItems) = preProject
		tools\flush_redis.bat = tools\flush_redis.bat
	EndProjectSection
EndProject
Project("{2150E333-8FDC-42A3-9474-1A3956D46DE8}") = "Samples", "Samples", "{94173C1F-F164-7F46-05F1-55CADD2F14B9}"
	ProjectSection(SolutionItems) = preProject
		Hexalith.Builds\Samples\Module.Directory.Build.props = Hexalith.Builds\Samples\Module.Directory.Build.props
		Hexalith.Builds\Samples\Module.Directory.Packages.props = Hexalith.Builds\Samples\Module.Directory.Packages.props
	EndProjectSection
EndProject
Project("{FAE04EC0-301F-11D3-BF4B-00C04F79EFBC}") = "Hexalith.MyNewModule.Aggregates", "src\libraries\Domain\Hexalith.MyNewModule.Aggregates\Hexalith.MyNewModule.Aggregates.csproj", "{9F54ED2E-BCCC-85E4-FA93-02B560DE0394}"
EndProject
Project("{FAE04EC0-301F-11D3-BF4B-00C04F79EFBC}") = "Hexalith.MyNewModule.Events", "src\libraries\Domain\Hexalith.MyNewModule.Events\Hexalith.MyNewModule.Events.csproj", "{845E6054-8FB1-7180-15A0-FF344E1A3E6D}"
EndProject
Project("{FAE04EC0-301F-11D3-BF4B-00C04F79EFBC}") = "Hexalith.MyNewModule.Localizations", "src\libraries\Domain\Hexalith.MyNewModule.Localizations\Hexalith.MyNewModule.Localizations.csproj", "{9C9A95E5-D2E6-91EB-5DF8-E892713761F6}"
EndProject
Project("{FAE04EC0-301F-11D3-BF4B-00C04F79EFBC}") = "Hexalith.MyNewModule.Commands", "src\libraries\Application\Hexalith.MyNewModule.Commands\Hexalith.MyNewModule.Commands.csproj", "{5544B885-A273-5E51-F344-97939F8B3ECF}"
EndProject
Project("{FAE04EC0-301F-11D3-BF4B-00C04F79EFBC}") = "Hexalith.MyNewModule.Requests", "src\libraries\Application\Hexalith.MyNewModule.Requests\Hexalith.MyNewModule.Requests.csproj", "{33B39EB3-4E33-DC54-1B6E-B35F63729224}"
EndProject
Project("{FAE04EC0-301F-11D3-BF4B-00C04F79EFBC}") = "Hexalith.MyNewModule.Aggregates.Abstractions", "src\libraries\Domain\Hexalith.MyNewModule.Aggregates.Abstractions\Hexalith.MyNewModule.Aggregates.Abstractions.csproj", "{4307E01C-FCE0-9915-B7FE-4966FAD0CC7F}"
EndProject
Project("{2150E333-8FDC-42A3-9474-1A3956D46DE8}") = "libraries", "libraries", "{A1C3A77B-8195-4874-A9D3-853521C52DE8}"
	ProjectSection(SolutionItems) = preProject
		src\libraries\Directory.Build.props = src\libraries\Directory.Build.props
		src\libraries\README.md = src\libraries\README.md
	EndProjectSection
EndProject
Project("{2150E333-8FDC-42A3-9474-1A3956D46DE8}") = "Presentation", "Presentation", "{251DC073-3821-4D2F-A405-E11117783604}"
EndProject
Project("{FAE04EC0-301F-11D3-BF4B-00C04F79EFBC}") = "Hexalith.MyNewModule.UI.Components", "src\libraries\Presentation\Hexalith.MyNewModule.UI.Components\Hexalith.MyNewModule.UI.Components.csproj", "{069F04CA-0B73-23A2-9C33-3D59D6B79785}"
EndProject
Project("{FAE04EC0-301F-11D3-BF4B-00C04F79EFBC}") = "Hexalith.MyNewModule.UI.Pages", "src\libraries\Presentation\Hexalith.MyNewModule.UI.Pages\Hexalith.MyNewModule.UI.Pages.csproj", "{4218C750-BFE7-57C8-2DE1-C582904B47E4}"
EndProject
Project("{2150E333-8FDC-42A3-9474-1A3956D46DE8}") = "Domain", "Domain", "{7C32B344-9811-4343-9B81-0918335E4BB6}"
EndProject
Project("{2150E333-8FDC-42A3-9474-1A3956D46DE8}") = "Application", "Application", "{B94B9721-A8C0-4F11-BD0E-55ADC2BB6A0C}"
EndProject
Project("{2150E333-8FDC-42A3-9474-1A3956D46DE8}") = "Infrastructure", "Infrastructure", "{F45EFB9A-727A-42CB-89EE-94CECC5904CB}"
EndProject
Project("{FAE04EC0-301F-11D3-BF4B-00C04F79EFBC}") = "Hexalith.MyNewModule.Servers", "src\libraries\Infrastructure\Hexalith.MyNewModule.Servers\Hexalith.MyNewModule.Servers.csproj", "{EC8EA42F-E3B6-B52A-05E2-63AF9BA125E4}"
EndProject
Project("{FAE04EC0-301F-11D3-BF4B-00C04F79EFBC}") = "Hexalith.MyNewModule.WebApp", "src\libraries\Infrastructure\Hexalith.MyNewModule.WebApp\Hexalith.MyNewModule.WebApp.csproj", "{E78768B7-AFEC-107A-A76F-10020383CFB4}"
EndProject
Project("{FAE04EC0-301F-11D3-BF4B-00C04F79EFBC}") = "Hexalith.MyNewModule.ApiServer", "src\libraries\Infrastructure\Hexalith.MyNewModule.ApiServer\Hexalith.MyNewModule.ApiServer.csproj", "{30271EA4-5276-B97B-5883-5267AD8AF354}"
EndProject
Project("{FAE04EC0-301F-11D3-BF4B-00C04F79EFBC}") = "Hexalith.MyNewModule.WebServer", "src\libraries\Infrastructure\Hexalith.MyNewModule.WebServer\Hexalith.MyNewModule.WebServer.csproj", "{9E60460E-E771-3CF0-5B6D-25C99992E94B}"
EndProject
Project("{FAE04EC0-301F-11D3-BF4B-00C04F79EFBC}") = "Hexalith.MyNewModule.Abstractions", "src\libraries\Application\Hexalith.MyNewModule.Abstractions\Hexalith.MyNewModule.Abstractions.csproj", "{D08013FD-C255-A5F3-30F0-3ACDD5FA71F9}"
EndProject
Project("{FAE04EC0-301F-11D3-BF4B-00C04F79EFBC}") = "Hexalith.MyNewModule", "src\libraries\Application\Hexalith.MyNewModule\Hexalith.MyNewModule.csproj", "{F29A0141-5C4D-C7A7-9F86-51E2E795BEF7}"
EndProject
Project("{FAE04EC0-301F-11D3-BF4B-00C04F79EFBC}") = "Hexalith.MyNewModule.Projections", "src\libraries\Application\Hexalith.MyNewModule.Projections\Hexalith.MyNewModule.Projections.csproj", "{56A77300-846F-0BAF-9E01-4E9958229D00}"
EndProject
Global
	GlobalSection(SolutionConfigurationPlatforms) = preSolution
		Debug|Any CPU = Debug|Any CPU
		Release|Any CPU = Release|Any CPU
	EndGlobalSection
	GlobalSection(ProjectConfigurationPlatforms) = postSolution
		{A0520529-37CD-4558-8D3C-119DB006D10D}.Debug|Any CPU.ActiveCfg = Debug|Any CPU
		{A0520529-37CD-4558-8D3C-119DB006D10D}.Debug|Any CPU.Build.0 = Debug|Any CPU
		{A0520529-37CD-4558-8D3C-119DB006D10D}.Release|Any CPU.ActiveCfg = Release|Any CPU
		{A0520529-37CD-4558-8D3C-119DB006D10D}.Release|Any CPU.Build.0 = Release|Any CPU
		{75479A66-C8B1-45D7-8B4E-851BB4C161EB}.Debug|Any CPU.ActiveCfg = Debug|Any CPU
		{75479A66-C8B1-45D7-8B4E-851BB4C161EB}.Debug|Any CPU.Build.0 = Debug|Any CPU
		{75479A66-C8B1-45D7-8B4E-851BB4C161EB}.Release|Any CPU.ActiveCfg = Release|Any CPU
		{75479A66-C8B1-45D7-8B4E-851BB4C161EB}.Release|Any CPU.Build.0 = Release|Any CPU
		{4FAB2582-C58C-A300-2F5F-9950311096D9}.Debug|Any CPU.ActiveCfg = Debug|Any CPU
		{4FAB2582-C58C-A300-2F5F-9950311096D9}.Debug|Any CPU.Build.0 = Debug|Any CPU
		{4FAB2582-C58C-A300-2F5F-9950311096D9}.Release|Any CPU.ActiveCfg = Release|Any CPU
		{4FAB2582-C58C-A300-2F5F-9950311096D9}.Release|Any CPU.Build.0 = Release|Any CPU
		{B9580AA6-2BBB-CA07-DB02-D5B84F5C1A32}.Debug|Any CPU.ActiveCfg = Debug|Any CPU
		{B9580AA6-2BBB-CA07-DB02-D5B84F5C1A32}.Debug|Any CPU.Build.0 = Debug|Any CPU
		{B9580AA6-2BBB-CA07-DB02-D5B84F5C1A32}.Release|Any CPU.ActiveCfg = Release|Any CPU
		{B9580AA6-2BBB-CA07-DB02-D5B84F5C1A32}.Release|Any CPU.Build.0 = Release|Any CPU
		{E44592C0-3319-84E1-9550-71726D321CED}.Debug|Any CPU.ActiveCfg = Debug|Any CPU
		{E44592C0-3319-84E1-9550-71726D321CED}.Debug|Any CPU.Build.0 = Debug|Any CPU
		{E44592C0-3319-84E1-9550-71726D321CED}.Release|Any CPU.ActiveCfg = Release|Any CPU
		{E44592C0-3319-84E1-9550-71726D321CED}.Release|Any CPU.Build.0 = Release|Any CPU
		{9F54ED2E-BCCC-85E4-FA93-02B560DE0394}.Debug|Any CPU.ActiveCfg = Debug|Any CPU
		{9F54ED2E-BCCC-85E4-FA93-02B560DE0394}.Debug|Any CPU.Build.0 = Debug|Any CPU
		{9F54ED2E-BCCC-85E4-FA93-02B560DE0394}.Release|Any CPU.ActiveCfg = Release|Any CPU
		{9F54ED2E-BCCC-85E4-FA93-02B560DE0394}.Release|Any CPU.Build.0 = Release|Any CPU
		{845E6054-8FB1-7180-15A0-FF344E1A3E6D}.Debug|Any CPU.ActiveCfg = Debug|Any CPU
		{845E6054-8FB1-7180-15A0-FF344E1A3E6D}.Debug|Any CPU.Build.0 = Debug|Any CPU
		{845E6054-8FB1-7180-15A0-FF344E1A3E6D}.Release|Any CPU.ActiveCfg = Release|Any CPU
		{845E6054-8FB1-7180-15A0-FF344E1A3E6D}.Release|Any CPU.Build.0 = Release|Any CPU
		{9C9A95E5-D2E6-91EB-5DF8-E892713761F6}.Debug|Any CPU.ActiveCfg = Debug|Any CPU
		{9C9A95E5-D2E6-91EB-5DF8-E892713761F6}.Debug|Any CPU.Build.0 = Debug|Any CPU
		{9C9A95E5-D2E6-91EB-5DF8-E892713761F6}.Release|Any CPU.ActiveCfg = Release|Any CPU
		{9C9A95E5-D2E6-91EB-5DF8-E892713761F6}.Release|Any CPU.Build.0 = Release|Any CPU
		{5544B885-A273-5E51-F344-97939F8B3ECF}.Debug|Any CPU.ActiveCfg = Debug|Any CPU
		{5544B885-A273-5E51-F344-97939F8B3ECF}.Debug|Any CPU.Build.0 = Debug|Any CPU
		{5544B885-A273-5E51-F344-97939F8B3ECF}.Release|Any CPU.ActiveCfg = Release|Any CPU
		{5544B885-A273-5E51-F344-97939F8B3ECF}.Release|Any CPU.Build.0 = Release|Any CPU
		{33B39EB3-4E33-DC54-1B6E-B35F63729224}.Debug|Any CPU.ActiveCfg = Debug|Any CPU
		{33B39EB3-4E33-DC54-1B6E-B35F63729224}.Debug|Any CPU.Build.0 = Debug|Any CPU
		{33B39EB3-4E33-DC54-1B6E-B35F63729224}.Release|Any CPU.ActiveCfg = Release|Any CPU
		{33B39EB3-4E33-DC54-1B6E-B35F63729224}.Release|Any CPU.Build.0 = Release|Any CPU
		{4307E01C-FCE0-9915-B7FE-4966FAD0CC7F}.Debug|Any CPU.ActiveCfg = Debug|Any CPU
		{4307E01C-FCE0-9915-B7FE-4966FAD0CC7F}.Debug|Any CPU.Build.0 = Debug|Any CPU
		{4307E01C-FCE0-9915-B7FE-4966FAD0CC7F}.Release|Any CPU.ActiveCfg = Release|Any CPU
		{4307E01C-FCE0-9915-B7FE-4966FAD0CC7F}.Release|Any CPU.Build.0 = Release|Any CPU
		{069F04CA-0B73-23A2-9C33-3D59D6B79785}.Debug|Any CPU.ActiveCfg = Debug|Any CPU
		{069F04CA-0B73-23A2-9C33-3D59D6B79785}.Debug|Any CPU.Build.0 = Debug|Any CPU
		{069F04CA-0B73-23A2-9C33-3D59D6B79785}.Release|Any CPU.ActiveCfg = Release|Any CPU
		{069F04CA-0B73-23A2-9C33-3D59D6B79785}.Release|Any CPU.Build.0 = Release|Any CPU
		{4218C750-BFE7-57C8-2DE1-C582904B47E4}.Debug|Any CPU.ActiveCfg = Debug|Any CPU
		{4218C750-BFE7-57C8-2DE1-C582904B47E4}.Debug|Any CPU.Build.0 = Debug|Any CPU
		{4218C750-BFE7-57C8-2DE1-C582904B47E4}.Release|Any CPU.ActiveCfg = Release|Any CPU
		{4218C750-BFE7-57C8-2DE1-C582904B47E4}.Release|Any CPU.Build.0 = Release|Any CPU
		{EC8EA42F-E3B6-B52A-05E2-63AF9BA125E4}.Debug|Any CPU.ActiveCfg = Debug|Any CPU
		{EC8EA42F-E3B6-B52A-05E2-63AF9BA125E4}.Debug|Any CPU.Build.0 = Debug|Any CPU
		{EC8EA42F-E3B6-B52A-05E2-63AF9BA125E4}.Release|Any CPU.ActiveCfg = Release|Any CPU
		{EC8EA42F-E3B6-B52A-05E2-63AF9BA125E4}.Release|Any CPU.Build.0 = Release|Any CPU
		{E78768B7-AFEC-107A-A76F-10020383CFB4}.Debug|Any CPU.ActiveCfg = Debug|Any CPU
		{E78768B7-AFEC-107A-A76F-10020383CFB4}.Debug|Any CPU.Build.0 = Debug|Any CPU
		{E78768B7-AFEC-107A-A76F-10020383CFB4}.Release|Any CPU.ActiveCfg = Release|Any CPU
		{E78768B7-AFEC-107A-A76F-10020383CFB4}.Release|Any CPU.Build.0 = Release|Any CPU
		{30271EA4-5276-B97B-5883-5267AD8AF354}.Debug|Any CPU.ActiveCfg = Debug|Any CPU
		{30271EA4-5276-B97B-5883-5267AD8AF354}.Debug|Any CPU.Build.0 = Debug|Any CPU
		{30271EA4-5276-B97B-5883-5267AD8AF354}.Release|Any CPU.ActiveCfg = Release|Any CPU
		{30271EA4-5276-B97B-5883-5267AD8AF354}.Release|Any CPU.Build.0 = Release|Any CPU
		{9E60460E-E771-3CF0-5B6D-25C99992E94B}.Debug|Any CPU.ActiveCfg = Debug|Any CPU
		{9E60460E-E771-3CF0-5B6D-25C99992E94B}.Debug|Any CPU.Build.0 = Debug|Any CPU
		{9E60460E-E771-3CF0-5B6D-25C99992E94B}.Release|Any CPU.ActiveCfg = Release|Any CPU
		{9E60460E-E771-3CF0-5B6D-25C99992E94B}.Release|Any CPU.Build.0 = Release|Any CPU
		{D08013FD-C255-A5F3-30F0-3ACDD5FA71F9}.Debug|Any CPU.ActiveCfg = Debug|Any CPU
		{D08013FD-C255-A5F3-30F0-3ACDD5FA71F9}.Debug|Any CPU.Build.0 = Debug|Any CPU
		{D08013FD-C255-A5F3-30F0-3ACDD5FA71F9}.Release|Any CPU.ActiveCfg = Release|Any CPU
		{D08013FD-C255-A5F3-30F0-3ACDD5FA71F9}.Release|Any CPU.Build.0 = Release|Any CPU
		{F29A0141-5C4D-C7A7-9F86-51E2E795BEF7}.Debug|Any CPU.ActiveCfg = Debug|Any CPU
		{F29A0141-5C4D-C7A7-9F86-51E2E795BEF7}.Debug|Any CPU.Build.0 = Debug|Any CPU
		{F29A0141-5C4D-C7A7-9F86-51E2E795BEF7}.Release|Any CPU.ActiveCfg = Release|Any CPU
		{F29A0141-5C4D-C7A7-9F86-51E2E795BEF7}.Release|Any CPU.Build.0 = Release|Any CPU
		{56A77300-846F-0BAF-9E01-4E9958229D00}.Debug|Any CPU.ActiveCfg = Debug|Any CPU
		{56A77300-846F-0BAF-9E01-4E9958229D00}.Debug|Any CPU.Build.0 = Debug|Any CPU
		{56A77300-846F-0BAF-9E01-4E9958229D00}.Release|Any CPU.ActiveCfg = Release|Any CPU
		{56A77300-846F-0BAF-9E01-4E9958229D00}.Release|Any CPU.Build.0 = Release|Any CPU
	EndGlobalSection
	GlobalSection(SolutionProperties) = preSolution
		HideSolutionNode = FALSE
	EndGlobalSection
	GlobalSection(NestedProjects) = preSolution
		{3929FBF6-EDA1-4CA7-8541-C460D0DCE449} = {02EA681E-C7D8-13C7-8484-4AC65E1B71E8}
		{A0520529-37CD-4558-8D3C-119DB006D10D} = {EDB74E69-759C-4EC4-911B-DF6D777A6CFA}
		{DA4446BE-296C-40E4-B0FF-05F9AF0F2502} = {C67B5007-8999-4638-8317-C6DA2F62D65C}
		{361A8C05-7F6F-4BA3-8321-59A94294831A} = {DA4446BE-296C-40E4-B0FF-05F9AF0F2502}
		{A52F7525-CCC2-40B5-8250-FC69502D355C} = {DA4446BE-296C-40E4-B0FF-05F9AF0F2502}
		{995F348D-8EAF-42B4-8838-A193F6026A9F} = {DA4446BE-296C-40E4-B0FF-05F9AF0F2502}
		{538F6CF8-F1A1-4584-BE2E-AF2418F61641} = {DA4446BE-296C-40E4-B0FF-05F9AF0F2502}
		{217346B8-9657-42EB-8E1B-6A6380F0541D} = {538F6CF8-F1A1-4584-BE2E-AF2418F61641}
		{9DE3BC3E-7069-496D-9311-81FD60310CB8} = {538F6CF8-F1A1-4584-BE2E-AF2418F61641}
		{690C7D73-6ACA-4B2E-B409-EFC3683D965F} = {538F6CF8-F1A1-4584-BE2E-AF2418F61641}
		{CD53A571-C3BF-4868-AC98-FC8A650DEFA1} = {538F6CF8-F1A1-4584-BE2E-AF2418F61641}
		{B6CEE183-3E94-4891-BF6A-E5B8DD9DE0F0} = {538F6CF8-F1A1-4584-BE2E-AF2418F61641}
		{FE8D846B-B44B-4AE2-B1B9-4D63E4FCA806} = {538F6CF8-F1A1-4584-BE2E-AF2418F61641}
		{E8914570-4D90-4230-A8D0-06AD72AEA8DB} = {538F6CF8-F1A1-4584-BE2E-AF2418F61641}
		{6B54B06C-EFB1-4EF2-A5C7-BB62E19E7643} = {538F6CF8-F1A1-4584-BE2E-AF2418F61641}
		{401F4B14-7261-488A-A953-EDAE92B7C97C} = {DA4446BE-296C-40E4-B0FF-05F9AF0F2502}
		{568500EF-C4B9-4F72-B9F3-01EB044A4659} = {C67B5007-8999-4638-8317-C6DA2F62D65C}
		{4FAB2582-C58C-A300-2F5F-9950311096D9} = {9D38EDD7-5A82-4B4E-A976-8386E412F7F6}
		{B9580AA6-2BBB-CA07-DB02-D5B84F5C1A32} = {9D38EDD7-5A82-4B4E-A976-8386E412F7F6}
		{E44592C0-3319-84E1-9550-71726D321CED} = {9D38EDD7-5A82-4B4E-A976-8386E412F7F6}
		{9D38EDD7-5A82-4B4E-A976-8386E412F7F6} = {568500EF-C4B9-4F72-B9F3-01EB044A4659}
		{94173C1F-F164-7F46-05F1-55CADD2F14B9} = {DA4446BE-296C-40E4-B0FF-05F9AF0F2502}
		{9F54ED2E-BCCC-85E4-FA93-02B560DE0394} = {7C32B344-9811-4343-9B81-0918335E4BB6}
		{845E6054-8FB1-7180-15A0-FF344E1A3E6D} = {7C32B344-9811-4343-9B81-0918335E4BB6}
		{9C9A95E5-D2E6-91EB-5DF8-E892713761F6} = {7C32B344-9811-4343-9B81-0918335E4BB6}
		{5544B885-A273-5E51-F344-97939F8B3ECF} = {B94B9721-A8C0-4F11-BD0E-55ADC2BB6A0C}
		{33B39EB3-4E33-DC54-1B6E-B35F63729224} = {B94B9721-A8C0-4F11-BD0E-55ADC2BB6A0C}
		{4307E01C-FCE0-9915-B7FE-4966FAD0CC7F} = {7C32B344-9811-4343-9B81-0918335E4BB6}
		{A1C3A77B-8195-4874-A9D3-853521C52DE8} = {2E1479EA-06ED-4A69-8F50-F17804066FA6}
		{251DC073-3821-4D2F-A405-E11117783604} = {A1C3A77B-8195-4874-A9D3-853521C52DE8}
		{069F04CA-0B73-23A2-9C33-3D59D6B79785} = {251DC073-3821-4D2F-A405-E11117783604}
		{4218C750-BFE7-57C8-2DE1-C582904B47E4} = {251DC073-3821-4D2F-A405-E11117783604}
		{7C32B344-9811-4343-9B81-0918335E4BB6} = {A1C3A77B-8195-4874-A9D3-853521C52DE8}
		{B94B9721-A8C0-4F11-BD0E-55ADC2BB6A0C} = {A1C3A77B-8195-4874-A9D3-853521C52DE8}
		{F45EFB9A-727A-42CB-89EE-94CECC5904CB} = {A1C3A77B-8195-4874-A9D3-853521C52DE8}
		{EC8EA42F-E3B6-B52A-05E2-63AF9BA125E4} = {F45EFB9A-727A-42CB-89EE-94CECC5904CB}
		{E78768B7-AFEC-107A-A76F-10020383CFB4} = {F45EFB9A-727A-42CB-89EE-94CECC5904CB}
		{30271EA4-5276-B97B-5883-5267AD8AF354} = {F45EFB9A-727A-42CB-89EE-94CECC5904CB}
		{9E60460E-E771-3CF0-5B6D-25C99992E94B} = {F45EFB9A-727A-42CB-89EE-94CECC5904CB}
		{D08013FD-C255-A5F3-30F0-3ACDD5FA71F9} = {B94B9721-A8C0-4F11-BD0E-55ADC2BB6A0C}
		{F29A0141-5C4D-C7A7-9F86-51E2E795BEF7} = {B94B9721-A8C0-4F11-BD0E-55ADC2BB6A0C}
		{56A77300-846F-0BAF-9E01-4E9958229D00} = {B94B9721-A8C0-4F11-BD0E-55ADC2BB6A0C}
	EndGlobalSection
	GlobalSection(ExtensibilityGlobals) = postSolution
		SolutionGuid = {7B7376F4-B33A-4BC6-AFCA-C09B437568D7}
	EndGlobalSection
EndGlobal
